{
  "pins" : [
    {
      "identity" : "generative-ai-swift",
      "kind" : "remoteSourceControl",
      "location" : "https://github.com/google/generative-ai-swift.git",
      "state" : {
        "revision" : "e2cebcd90645a3a94c0c823696e510a176bc384a",
        "version" : "0.4.8"
      }
    },
    {
      "identity" : "hero",
      "kind" : "remoteSourceControl",
      "location" : "https://github.com/HeroTransitions/Hero.git",
      "state" : {
        "revision" : "66a554b21116fccf61b3aa2205a86f6b0cdc9766",
        "version" : "1.6.2"
      }
    },
    {
      "identity" : "openaiswift",
      "kind" : "remoteSourceControl",
      "location" : "https://github.com/adamrushy/OpenAISwift.git",
      "state" : {
        "revision" : "ca66fb720d6ebb657601db5a0852b830ae310a4c",
        "version" : "1.4.1"
      }
    },
    {
      "identity" : "purchases-ios",
      "kind" : "remoteSourceControl",
      "location" : "https://github.com/RevenueCat/purchases-ios.git",
      "state" : {
        "revision" : "47d9150b04c5fe6e9b37e3b8bfdfb7be606e0f74",
        "version" : "4.30.5"
      }
    },
    {
      "identity" : "snapkit",
      "kind" : "remoteSourceControl",
      "location" : "https://github.com/SnapKit/SnapKit.git",
      "state" : {
        "revision" : "f222cbdf325885926566172f6f5f06af95473158",
        "version" : "5.6.0"
      }
    },
    {
      "identity" : "toast-swift",
      "kind" : "remoteSourceControl",
      "location" : "https://github.com/BastiaanJansen/toast-swift",
      "state" : {
        "revision" : "bc52aa61d6a372da553d1d59bdd4e56037ae2f14",
        "version" : "1.5.0"
      }
    }
  ],
  "version" : 2
}
